
# cargo-vet imports lock

[[publisher.bumpalo]]
version = "3.13.0"
when = "2023-05-22"
user-id = 696
user-login = "fitzgen"
user-name = "Nick Fitzgerald"

[[publisher.core-foundation]]
version = "0.9.3"
when = "2022-02-07"
user-id = 5946
user-login = "jrmuizel"
user-name = "Jeff Muizelaar"

[[publisher.core-foundation-sys]]
version = "0.8.4"
when = "2023-04-03"
user-id = 5946
user-login = "jrmuizel"
user-name = "Jeff Muizelaar"

[[publisher.unicode-normalization]]
version = "0.1.22"
when = "2022-09-16"
user-id = 1139
user-login = "Manishearth"
user-name = "Manish Goregaokar"

[[publisher.unicode-width]]
version = "0.1.10"
when = "2022-09-13"
user-id = 1139
user-login = "Manishearth"
user-name = "Manish Goregaokar"

[[publisher.unicode-xid]]
version = "0.2.4"
when = "2022-09-15"
user-id = 1139
user-login = "Manishearth"
user-name = "Manish Goregaokar"

[[publisher.wasm-encoder]]
version = "0.29.0"
when = "2023-05-26"
user-id = 1
user-login = "alexcrichton"
user-name = "Alex Crichton"

[[publisher.wast]]
version = "60.0.0"
when = "2023-05-26"
user-id = 1
user-login = "alexcrichton"
user-name = "Alex Crichton"

[[publisher.wat]]
version = "1.0.66"
when = "2023-05-26"
user-id = 1
user-login = "alexcrichton"
user-name = "Alex Crichton"

[[audits.bytecodealliance.wildcard-audits.bumpalo]]
who = "Nick Fitzgerald <fitzgen@gmail.com>"
criteria = "safe-to-deploy"
user-id = 696 # Nick Fitzgerald (fitzgen)
start = "2019-03-16"
end = "2024-03-10"

[[audits.bytecodealliance.wildcard-audits.wasm-encoder]]
who = "Alex Crichton <alex@alexcrichton.com>"
criteria = "safe-to-deploy"
user-id = 1 # Alex Crichton (alexcrichton)
start = "2020-12-11"
end = "2024-04-14"
notes = """
This is a Bytecode Alliance authored crate maintained in the `wasm-tools`
repository of which I'm one of the primary maintainers and publishers for.
I am employed by a member of the Bytecode Alliance and plan to continue doing
so and will actively maintain this crate over time.
"""

[[audits.bytecodealliance.wildcard-audits.wast]]
who = "Alex Crichton <alex@alexcrichton.com>"
criteria = "safe-to-deploy"
user-id = 1 # Alex Crichton (alexcrichton)
start = "2019-10-16"
end = "2024-04-14"
notes = """
This is a Bytecode Alliance authored crate maintained in the `wasm-tools`
repository of which I'm one of the primary maintainers and publishers for.
I am employed by a member of the Bytecode Alliance and plan to continue doing
so and will actively maintain this crate over time.
"""

[[audits.bytecodealliance.wildcard-audits.wat]]
who = "Alex Crichton <alex@alexcrichton.com>"
criteria = "safe-to-deploy"
user-id = 1 # Alex Crichton (alexcrichton)
start = "2019-10-18"
end = "2024-04-14"
notes = """
This is a Bytecode Alliance authored crate maintained in the `wasm-tools`
repository of which I'm one of the primary maintainers and publishers for.
I am employed by a member of the Bytecode Alliance and plan to continue doing
so and will actively maintain this crate over time.
"""

[[audits.bytecodealliance.audits.arrayvec]]
who = "Nick Fitzgerald <fitzgen@gmail.com>"
criteria = "safe-to-deploy"
version = "0.7.2"
notes = """
Well documented invariants, good assertions for those invariants in unsafe code,
and tested with MIRI to boot. LGTM.
"""

[[audits.bytecodealliance.audits.atty]]
who = "Alex Crichton <alex@alexcrichton.com>"
criteria = "safe-to-deploy"
version = "0.2.14"
notes = """
Contains only unsafe code for what this crate's purpose is and only accesses
the environment's terminal information when asked. Does its stated purpose and
no more.
"""

[[audits.bytecodealliance.audits.base64]]
who = "Pat Hickey <phickey@fastly.com>"
criteria = "safe-to-deploy"
version = "0.21.0"
notes = "This crate has no dependencies, no build.rs, and contains no unsafe code."

[[audits.bytecodealliance.audits.cfg-if]]
who = "Alex Crichton <alex@alexcrichton.com>"
criteria = "safe-to-deploy"
version = "1.0.0"
notes = "I am the author of this crate."

[[audits.bytecodealliance.audits.crypto-common]]
who = "Benjamin Bouvier <public@benj.me>"
criteria = "safe-to-deploy"
version = "0.1.3"

[[audits.bytecodealliance.audits.errno]]
who = "Dan Gohman <dev@sunfishcode.online>"
criteria = "safe-to-deploy"
version = "0.3.0"
notes = "This crate uses libc and windows-sys APIs to get and set the raw OS error value."

[[audits.bytecodealliance.audits.errno]]
who = "Dan Gohman <dev@sunfishcode.online>"
criteria = "safe-to-deploy"
delta = "0.3.0 -> 0.3.1"
notes = "Just a dependency version bump and a bug fix for redox"

[[audits.bytecodealliance.audits.foreign-types]]
who = "Pat Hickey <phickey@fastly.com>"
criteria = "safe-to-deploy"
version = "0.3.2"
notes = "This crate defined a macro-rules which creates wrappers working with FFI types. The implementation of this crate appears to be safe, but each use of this macro would need to be vetted for correctness as well."

[[audits.bytecodealliance.audits.foreign-types-shared]]
who = "Pat Hickey <phickey@fastly.com>"
criteria = "safe-to-deploy"
version = "0.1.1"

[[audits.bytecodealliance.audits.form_urlencoded]]
who = "Alex Crichton <alex@alexcrichton.com>"
criteria = "safe-to-deploy"
version = "1.1.0"
notes = """
This is a small crate for working with url-encoded forms which doesn't have any
more than what it says on the tin. Contains one `unsafe` block related to
performance around utf-8 validation which is fairly easy to verify as correct.
"""

[[audits.bytecodealliance.audits.heck]]
who = "Alex Crichton <alex@alexcrichton.com>"
criteria = "safe-to-deploy"
version = "0.4.0"
notes = "Contains `forbid_unsafe` and only uses `std::fmt` from the standard library. Otherwise only contains string manipulation."

[[audits.bytecodealliance.audits.httpdate]]
who = "Pat Hickey <phickey@fastly.com>"
criteria = "safe-to-deploy"
version = "1.0.2"
notes = "No unsafety, no io"

[[audits.bytecodealliance.audits.idna]]
who = "Alex Crichton <alex@alexcrichton.com>"
criteria = "safe-to-deploy"
version = "0.3.0"
notes = """
This is a crate without unsafe code or usage of the standard library. The large
size of this crate comes from the large generated unicode tables file. This
crate is broadly used throughout the ecosystem and does not contain anything
suspicious.
"""

[[audits.bytecodealliance.audits.leb128]]
who = "Nick Fitzgerald <fitzgen@gmail.com>"
criteria = "safe-to-deploy"
version = "0.2.5"
notes = "I am the author of this crate."

[[audits.bytecodealliance.audits.matchers]]
who = "Pat Hickey <phickey@fastly.com>"
criteria = "safe-to-deploy"
version = "0.1.0"

[[audits.bytecodealliance.audits.memoffset]]
who = "Alex Crichton <alex@alexcrichton.com>"
criteria = "safe-to-deploy"
delta = "0.7.1 -> 0.8.0"
notes = "This was a small update to the crate which has to do with Rust language features and compiler versions, no substantial changes."

[[audits.bytecodealliance.audits.native-tls]]
who = "Pat Hickey <phickey@fastly.com>"
criteria = "safe-to-deploy"
version = "0.2.11"
notes = "build is only looking for environment variables to set cfg. only two minor uses of unsafe,on macos, with ffi bindings to digest primitives and libc atexit. otherwise, this is an abstraction over three very complex systems (schannel, security-framework, and openssl) which may end up having subtle differences, but none of those are apparent from the implementation of this crate"

[[audits.bytecodealliance.audits.openssl-probe]]
who = "Pat Hickey <phickey@fastly.com>"
criteria = "safe-to-deploy"
version = "0.1.5"
notes = "IO is only checking for the existence of paths in the filesystem"

[[audits.bytecodealliance.audits.percent-encoding]]
who = "Alex Crichton <alex@alexcrichton.com>"
criteria = "safe-to-deploy"
version = "2.2.0"
notes = """
This crate is a single-file crate that does what it says on the tin. There are
a few `unsafe` blocks related to utf-8 validation which are locally verifiable
as correct and otherwise this crate is good to go.
"""

[[audits.bytecodealliance.audits.pin-utils]]
who = "Pat Hickey <phickey@fastly.com>"
criteria = "safe-to-deploy"
version = "0.1.0"

[[audits.bytecodealliance.audits.semver]]
who = "Pat Hickey <phickey@fastly.com>"
criteria = "safe-to-deploy"
version = "1.0.17"
notes = "plenty of unsafe pointer and vec tricks, but in well-structured and commented code that appears to be correct"

[[audits.bytecodealliance.audits.slab]]
who = "Pat Hickey <phickey@fastly.com>"
criteria = "safe-to-deploy"
version = "0.4.6"
notes = "provides a datastructure implemented using std's Vec. all uses of unsafe are just delegating to the underlying unsafe Vec methods."

[[audits.bytecodealliance.audits.tinyvec]]
who = "Alex Crichton <alex@alexcrichton.com>"
criteria = "safe-to-deploy"
version = "1.6.0"
notes = """
This crate, while it implements collections, does so without `std::*` APIs and
without `unsafe`. Skimming the crate everything looks reasonable and what one
would expect from idiomatic safe collections in Rust.
"""

[[audits.bytecodealliance.audits.tokio-native-tls]]
who = "Pat Hickey <phickey@fastly.com>"
criteria = "safe-to-deploy"
version = "0.3.1"
notes = "unsafety is used for smuggling std::task::Context as a raw pointer. Lifetime and type safety appears to be taken care of correctly."

[[audits.bytecodealliance.audits.try-lock]]
who = "Pat Hickey <phickey@fastly.com>"
criteria = "safe-to-deploy"
version = "0.2.4"
notes = "Implements a concurrency primitive with atomics, and is not obviously incorrect"

[[audits.bytecodealliance.audits.url]]
who = "Alex Crichton <alex@alexcrichton.com>"
criteria = "safe-to-deploy"
version = "2.3.1"
notes = """
This crate contains no `unsafe` code and otherwise doesn't use any functionality
it's not supposed to from `std` or such. This crate is the defacto standard for
URL parsing in the Rust community with widespread usage to battle-test, harden,
and suss out bugs. I've historically reviewed this crate in the past and it
is similar to what it once was back then. Skimming over the crate there is
nothing suspicious and it's everything you'd expect a Rust URL parser to be.
"""

[[audits.bytecodealliance.audits.vcpkg]]
who = "Pat Hickey <phickey@fastly.com>"
criteria = "safe-to-deploy"
version = "0.2.15"
notes = "no build.rs, no macros, no unsafe. It reads the filesystem and makes copies of DLLs into OUT_DIR."

[[audits.bytecodealliance.audits.want]]
who = "Pat Hickey <phickey@fastly.com>"
criteria = "safe-to-deploy"
version = "0.3.0"

[[audits.bytecodealliance.audits.windows-sys]]
who = "Dan Gohman <dev@sunfishcode.online>"
criteria = "safe-to-deploy"
version = "0.42.0"
notes = "This is a Windows API bindings library maintained by Microsoft themselves."

[[audits.bytecodealliance.audits.windows-sys]]
who = "Dan Gohman <dev@sunfishcode.online>"
criteria = "safe-to-deploy"
version = "0.48.0"
notes = "This is a Windows API bindings library maintained by Microsoft themselves."

[[audits.bytecodealliance.audits.windows-sys]]
who = "Pat Hickey <phickey@fastly.com>"
criteria = "safe-to-deploy"
delta = "0.42.0 -> 0.45.0"
notes = "This is a Windows API bindings library maintained by Microsoft themselves."

[[audits.bytecodealliance.audits.windows-targets]]
who = "Dan Gohman <dev@sunfishcode.online>"
criteria = "safe-to-deploy"
version = "0.48.0"
notes = "This is a Windows API bindings library maintained by Microsoft themselves. It just provides the import libs needed by windows-sys."

[[audits.bytecodealliance.audits.windows_aarch64_gnullvm]]
who = "Dan Gohman <dev@sunfishcode.online>"
criteria = "safe-to-deploy"
version = "0.48.0"
notes = "This is a Windows API bindings library maintained by Microsoft themselves."

[[audits.bytecodealliance.audits.windows_aarch64_msvc]]
who = "Dan Gohman <dev@sunfishcode.online>"
criteria = "safe-to-deploy"
version = "0.48.0"
notes = "This is a Windows API bindings library maintained by Microsoft themselves."

[[audits.bytecodealliance.audits.windows_i686_gnu]]
who = "Dan Gohman <dev@sunfishcode.online>"
criteria = "safe-to-deploy"
version = "0.48.0"
notes = "This is a Windows API bindings library maintained by Microsoft themselves."

[[audits.bytecodealliance.audits.windows_i686_msvc]]
who = "Dan Gohman <dev@sunfishcode.online>"
criteria = "safe-to-deploy"
version = "0.48.0"
notes = "This is a Windows API bindings library maintained by Microsoft themselves."

[[audits.bytecodealliance.audits.windows_x86_64_gnu]]
who = "Dan Gohman <dev@sunfishcode.online>"
criteria = "safe-to-deploy"
version = "0.48.0"
notes = "This is a Windows API bindings library maintained by Microsoft themselves."

[[audits.bytecodealliance.audits.windows_x86_64_gnullvm]]
who = "Dan Gohman <dev@sunfishcode.online>"
criteria = "safe-to-deploy"
version = "0.48.0"
notes = "This is a Windows API bindings library maintained by Microsoft themselves."

[[audits.bytecodealliance.audits.windows_x86_64_msvc]]
who = "Dan Gohman <dev@sunfishcode.online>"
criteria = "safe-to-deploy"
version = "0.48.0"
notes = "This is a Windows API bindings library maintained by Microsoft themselves."

[[audits.embark.audits.convert_case]]
who = "Johan Andersson <opensource@embark-studios.com>"
criteria = "safe-to-deploy"
version = "0.4.0"
notes = "No unsafe usage or ambient capabilities"

[[audits.embark.audits.derive_more]]
who = "Johan Andersson <opensource@embark-studios.com>"
criteria = "safe-to-deploy"
version = "0.99.17"
notes = "No unsafe usage or ambient capabilities"

[[audits.embark.audits.epaint]]
who = "Johan Andersson <opensource@embark-studios.com>"
criteria = "safe-to-deploy"
violation = "<0.20.0"
notes = "Specified crate license does not include licenses of embedded fonts if using default features or the `default_fonts` feature. Tracked in: https://github.com/emilk/egui/issues/2321"

[[audits.embark.audits.ident_case]]
who = "Johan Andersson <opensource@embark-studios.com>"
criteria = "safe-to-deploy"
version = "1.0.1"
notes = "No unsafe usage or ambient capabilities"

[[audits.embark.audits.num_enum]]
who = "Johan Andersson <opensource@embark-studios.com>"
criteria = "safe-to-deploy"
version = "0.5.11"
notes = "No unsafe usage or ambient capabilities"

[[audits.embark.audits.num_enum]]
who = "Johan Andersson <opensource@embark-studios.com>"
criteria = "safe-to-deploy"
delta = "0.5.11 -> 0.6.1"
notes = "Minor changes"

[[audits.embark.audits.num_enum_derive]]
who = "Johan Andersson <opensource@embark-studios.com>"
criteria = "safe-to-deploy"
version = "0.5.11"
notes = "Proc macro that generates some unsafe code for conversion but looks sound, no ambient capabilities"

[[audits.embark.audits.num_enum_derive]]
who = "Johan Andersson <opensource@embark-studios.com>"
criteria = "safe-to-deploy"
delta = "0.5.11 -> 0.6.1"
notes = "Minor changes"

[[audits.embark.audits.strum]]
who = "Johan Andersson <opensource@embark-studios.com>"
criteria = "safe-to-deploy"
version = "0.24.1"
notes = "Tiny layer on top of the proc macro crate, found no unsafe or system usage"

[[audits.embark.audits.tap]]
who = "Johan Andersson <opensource@embark-studios.com>"
criteria = "safe-to-deploy"
version = "1.0.1"
notes = "No unsafe usage or ambient capabilities"

[[audits.embark.audits.thiserror]]
who = "Johan Andersson <opensource@embark-studios.com>"
criteria = "safe-to-deploy"
version = "1.0.40"
notes = "Wrapper over implementation crate, found no unsafe or ambient capabilities used"

[[audits.embark.audits.thiserror-impl]]
who = "Johan Andersson <opensource@embark-studios.com>"
criteria = "safe-to-deploy"
version = "1.0.40"
notes = "Found no unsafe or ambient capabilities used"

[[audits.embark.audits.valuable]]
who = "Johan Andersson <opensource@embark-studios.com>"
criteria = "safe-to-deploy"
version = "0.1.0"
notes = "No unsafe usage or ambient capabilities, sane build script"

[[audits.google.audits.fastrand]]
who = "George Burgess IV <gbiv@google.com>"
criteria = "safe-to-deploy"
version = "1.9.0"
notes = """
`does-not-implement-crypto` is certified because this crate explicitly says
that the RNG here is not cryptographically secure.
"""
aggregated-from = "https://chromium.googlesource.com/chromiumos/third_party/rust_crates/+/refs/heads/main/cargo-vet/audits.toml?format=TEXT"

[[audits.google.audits.proc-macro-error-attr]]
who = "George Burgess IV <gbiv@google.com>"
criteria = "safe-to-deploy"
version = "1.0.4"
aggregated-from = "https://chromium.googlesource.com/chromiumos/third_party/rust_crates/+/refs/heads/main/cargo-vet/audits.toml?format=TEXT"

[[audits.google.audits.version_check]]
who = "George Burgess IV <gbiv@google.com>"
criteria = "safe-to-deploy"
version = "0.9.4"
aggregated-from = "https://chromium.googlesource.com/chromiumos/third_party/rust_crates/+/refs/heads/main/cargo-vet/audits.toml?format=TEXT"

[[audits.isrg.audits.base64]]
who = "Tim Geoghegan <timg@letsencrypt.org>"
criteria = "safe-to-deploy"
delta = "0.21.0 -> 0.21.1"

[[audits.isrg.audits.base64]]
who = "Brandon Pitman <bran@bran.land>"
criteria = "safe-to-deploy"
delta = "0.21.1 -> 0.21.2"

[[audits.isrg.audits.crunchy]]
who = "David Cook <dcook@divviup.org>"
criteria = "safe-to-deploy"
version = "0.2.2"

[[audits.isrg.audits.either]]
who = "David Cook <dcook@divviup.org>"
criteria = "safe-to-deploy"
version = "1.6.1"

[[audits.isrg.audits.keccak]]
who = "David Cook <dcook@divviup.org>"
criteria = "safe-to-deploy"
version = "0.1.2"

[[audits.isrg.audits.keccak]]
who = "Brandon Pitman <bran@bran.land>"
criteria = "safe-to-deploy"
delta = "0.1.2 -> 0.1.3"

[[audits.isrg.audits.keccak]]
who = "Brandon Pitman <bran@bran.land>"
criteria = "safe-to-deploy"
delta = "0.1.3 -> 0.1.4"

[[audits.isrg.audits.opaque-debug]]
who = "David Cook <dcook@divviup.org>"
criteria = "safe-to-deploy"
version = "0.3.0"

[[audits.isrg.audits.rayon]]
who = "Brandon Pitman <bran@bran.land>"
criteria = "safe-to-deploy"
delta = "1.6.1 -> 1.7.0"

[[audits.isrg.audits.rayon-core]]
who = "Brandon Pitman <bran@bran.land>"
criteria = "safe-to-deploy"
delta = "1.10.2 -> 1.11.0"

[[audits.isrg.audits.sha3]]
who = "David Cook <dcook@divviup.org>"
criteria = "safe-to-deploy"
version = "0.10.6"

[[audits.isrg.audits.sha3]]
who = "Brandon Pitman <bran@bran.land>"
criteria = "safe-to-deploy"
delta = "0.10.6 -> 0.10.7"

[[audits.isrg.audits.sha3]]
who = "Brandon Pitman <bran@bran.land>"
criteria = "safe-to-deploy"
delta = "0.10.7 -> 0.10.8"

[[audits.mozilla.wildcard-audits.core-foundation]]
who = "Bobby Holley <bobbyholley@gmail.com>"
criteria = "safe-to-deploy"
user-id = 5946 # Jeff Muizelaar (jrmuizel)
start = "2019-03-29"
end = "2023-05-04"
notes = "I've reviewed every source contribution that was neither authored nor reviewed by Mozilla."
aggregated-from = "https://hg.mozilla.org/mozilla-central/raw-file/tip/supply-chain/audits.toml"

[[audits.mozilla.wildcard-audits.core-foundation-sys]]
who = "Bobby Holley <bobbyholley@gmail.com>"
criteria = "safe-to-deploy"
user-id = 5946 # Jeff Muizelaar (jrmuizel)
start = "2020-10-14"
end = "2023-05-04"
notes = "I've reviewed every source contribution that was neither authored nor reviewed by Mozilla."
aggregated-from = "https://hg.mozilla.org/mozilla-central/raw-file/tip/supply-chain/audits.toml"

[[audits.mozilla.wildcard-audits.unicode-normalization]]
who = "Manish Goregaokar <manishsmail@gmail.com>"
criteria = "safe-to-deploy"
user-id = 1139 # Manish Goregaokar (Manishearth)
start = "2019-11-06"
end = "2024-05-03"
notes = "All code written or reviewed by Manish"
aggregated-from = "https://hg.mozilla.org/mozilla-central/raw-file/tip/supply-chain/audits.toml"

[[audits.mozilla.wildcard-audits.unicode-width]]
who = "Manish Goregaokar <manishsmail@gmail.com>"
criteria = "safe-to-deploy"
user-id = 1139 # Manish Goregaokar (Manishearth)
start = "2019-12-05"
end = "2024-05-03"
notes = "All code written or reviewed by Manish"
aggregated-from = "https://hg.mozilla.org/mozilla-central/raw-file/tip/supply-chain/audits.toml"

[[audits.mozilla.wildcard-audits.unicode-xid]]
who = "Manish Goregaokar <manishsmail@gmail.com>"
criteria = "safe-to-deploy"
user-id = 1139 # Manish Goregaokar (Manishearth)
start = "2019-07-25"
end = "2024-05-03"
notes = "All code written or reviewed by Manish"
aggregated-from = "https://hg.mozilla.org/mozilla-central/raw-file/tip/supply-chain/audits.toml"

[[audits.mozilla.audits.autocfg]]
who = "Josh Stone <jistone@redhat.com>"
criteria = "safe-to-deploy"
version = "1.1.0"
notes = "All code written or reviewed by Josh Stone."
aggregated-from = "https://hg.mozilla.org/mozilla-central/raw-file/tip/supply-chain/audits.toml"

[[audits.mozilla.audits.bit-set]]
who = "Aria Beingessner <a.beingessner@gmail.com>"
criteria = "safe-to-deploy"
version = "0.5.2"
notes = "Another crate I own via contain-rs that is ancient and maintenance mode, no known issues."
aggregated-from = "https://hg.mozilla.org/mozilla-central/raw-file/tip/supply-chain/audits.toml"

[[audits.mozilla.audits.bit-set]]
who = "Mike Hommey <mh+mozilla@glandium.org>"
criteria = "safe-to-deploy"
delta = "0.5.2 -> 0.5.3"
aggregated-from = "https://hg.mozilla.org/mozilla-central/raw-file/tip/supply-chain/audits.toml"

[[audits.mozilla.audits.bit-vec]]
who = "Aria Beingessner <a.beingessner@gmail.com>"
criteria = "safe-to-deploy"
version = "0.6.3"
notes = "Another crate I own via contain-rs that is ancient and in maintenance mode but otherwise perfectly fine."
aggregated-from = "https://hg.mozilla.org/mozilla-central/raw-file/tip/supply-chain/audits.toml"

[[audits.mozilla.audits.crypto-common]]
who = "Mike Hommey <mh+mozilla@glandium.org>"
criteria = "safe-to-deploy"
delta = "0.1.3 -> 0.1.6"
aggregated-from = "https://hg.mozilla.org/mozilla-central/raw-file/tip/supply-chain/audits.toml"

[[audits.mozilla.audits.either]]
who = "Mike Hommey <mh+mozilla@glandium.org>"
criteria = "safe-to-deploy"
delta = "1.6.1 -> 1.7.0"
aggregated-from = "https://hg.mozilla.org/mozilla-central/raw-file/tip/supply-chain/audits.toml"

[[audits.mozilla.audits.either]]
who = "Mike Hommey <mh+mozilla@glandium.org>"
criteria = "safe-to-deploy"
delta = "1.7.0 -> 1.8.0"
aggregated-from = "https://hg.mozilla.org/mozilla-central/raw-file/tip/supply-chain/audits.toml"

[[audits.mozilla.audits.either]]
who = "Mike Hommey <mh+mozilla@glandium.org>"
criteria = "safe-to-deploy"
delta = "1.8.0 -> 1.8.1"
aggregated-from = "https://hg.mozilla.org/mozilla-central/raw-file/tip/supply-chain/audits.toml"

[[audits.mozilla.audits.encoding_rs]]
who = "Henri Sivonen <hsivonen@hsivonen.fi>"
criteria = "safe-to-deploy"
version = "0.8.31"
notes = "I, Henri Sivonen, wrote encoding_rs for Gecko and have reviewed contributions by others. There are two caveats to the certification: 1) The crate does things that are documented to be UB but that do not appear to actually be UB due to integer types differing from the general rule; https://github.com/hsivonen/encoding_rs/issues/79 . 2) It would be prudent to re-review the code that reinterprets buffers of integers as SIMD vectors; see https://github.com/hsivonen/encoding_rs/issues/87 ."
aggregated-from = "https://hg.mozilla.org/mozilla-central/raw-file/tip/supply-chain/audits.toml"

[[audits.mozilla.audits.encoding_rs]]
who = "Mike Hommey <mh+mozilla@glandium.org>"
criteria = "safe-to-deploy"
delta = "0.8.31 -> 0.8.32"
aggregated-from = "https://hg.mozilla.org/mozilla-central/raw-file/tip/supply-chain/audits.toml"

[[audits.mozilla.audits.fnv]]
who = "Bobby Holley <bobbyholley@gmail.com>"
criteria = "safe-to-deploy"
version = "1.0.7"
notes = "Simple hasher implementation with no unsafe code."
aggregated-from = "https://hg.mozilla.org/mozilla-central/raw-file/tip/supply-chain/audits.toml"

[[audits.mozilla.audits.half]]
who = "John M. Schanck <jschanck@mozilla.com>"
criteria = "safe-to-deploy"
version = "1.8.2"
notes = """
This crate contains unsafe code for bitwise casts to/from binary16 floating-point
format. I've reviewed these and found no issues. There are no uses of ambient
capabilities.
"""
aggregated-from = "https://hg.mozilla.org/mozilla-central/raw-file/tip/supply-chain/audits.toml"

[[audits.mozilla.audits.hashbrown]]
who = "Mike Hommey <mh+mozilla@glandium.org>"
criteria = "safe-to-deploy"
version = "0.12.3"
notes = "This version is used in rust's libstd, so effectively we're already trusting it"
aggregated-from = "https://hg.mozilla.org/mozilla-central/raw-file/tip/supply-chain/audits.toml"

[[audits.mozilla.audits.heck]]
who = "Mike Hommey <mh+mozilla@glandium.org>"
criteria = "safe-to-deploy"
delta = "0.4.0 -> 0.4.1"
aggregated-from = "https://hg.mozilla.org/mozilla-central/raw-file/tip/supply-chain/audits.toml"

[[audits.mozilla.audits.hermit-abi]]
who = "Mike Hommey <mh+mozilla@glandium.org>"
criteria = "safe-to-deploy"
delta = "0.1.19 -> 0.2.6"
aggregated-from = "https://hg.mozilla.org/mozilla-central/raw-file/tip/supply-chain/audits.toml"

[[audits.mozilla.audits.hex]]
who = "Simon Friedberger <simon@mozilla.com>"
criteria = "safe-to-deploy"
version = "0.4.3"
aggregated-from = "https://hg.mozilla.org/mozilla-central/raw-file/tip/supply-chain/audits.toml"

[[audits.mozilla.audits.lazy_static]]
who = "Nika Layzell <nika@thelayzells.com>"
criteria = "safe-to-deploy"
version = "1.4.0"
notes = "I have read over the macros, and audited the unsafe code."
aggregated-from = "https://raw.githubusercontent.com/mozilla/cargo-vet/main/supply-chain/audits.toml"

[[audits.mozilla.audits.memoffset]]
who = "Gabriele Svelto <gsvelto@mozilla.com>"
criteria = "safe-to-deploy"
delta = "0.6.5 -> 0.7.1"
aggregated-from = "https://hg.mozilla.org/mozilla-central/raw-file/tip/supply-chain/audits.toml"

[[audits.mozilla.audits.num]]
who = "Josh Stone <jistone@redhat.com>"
criteria = "safe-to-deploy"
version = "0.4.0"
notes = "All code written or reviewed by Josh Stone."
aggregated-from = "https://hg.mozilla.org/mozilla-central/raw-file/tip/supply-chain/audits.toml"

[[audits.mozilla.audits.num-bigint]]
who = "Josh Stone <jistone@redhat.com>"
criteria = "safe-to-deploy"
version = "0.4.3"
notes = "All code written or reviewed by Josh Stone."
aggregated-from = "https://hg.mozilla.org/mozilla-central/raw-file/tip/supply-chain/audits.toml"

[[audits.mozilla.audits.num-integer]]
who = "Josh Stone <jistone@redhat.com>"
criteria = "safe-to-deploy"
version = "0.1.45"
notes = "All code written or reviewed by Josh Stone."
aggregated-from = "https://hg.mozilla.org/mozilla-central/raw-file/tip/supply-chain/audits.toml"

[[audits.mozilla.audits.num-iter]]
who = "Josh Stone <jistone@redhat.com>"
criteria = "safe-to-deploy"
version = "0.1.43"
notes = "All code written or reviewed by Josh Stone."
aggregated-from = "https://hg.mozilla.org/mozilla-central/raw-file/tip/supply-chain/audits.toml"

[[audits.mozilla.audits.num-rational]]
who = "Josh Stone <jistone@redhat.com>"
criteria = "safe-to-deploy"
version = "0.4.1"
notes = "All code written or reviewed by Josh Stone."
aggregated-from = "https://hg.mozilla.org/mozilla-central/raw-file/tip/supply-chain/audits.toml"

[[audits.mozilla.audits.num-traits]]
who = "Josh Stone <jistone@redhat.com>"
criteria = "safe-to-deploy"
version = "0.2.15"
notes = "All code written or reviewed by Josh Stone."
aggregated-from = "https://hg.mozilla.org/mozilla-central/raw-file/tip/supply-chain/audits.toml"

[[audits.mozilla.audits.object]]
who = "Mike Hommey <mh+mozilla@glandium.org>"
criteria = "safe-to-deploy"
delta = "0.28.4 -> 0.30.0"
aggregated-from = "https://hg.mozilla.org/mozilla-central/raw-file/tip/supply-chain/audits.toml"

[[audits.mozilla.audits.object]]
who = "Mike Hommey <mh+mozilla@glandium.org>"
criteria = "safe-to-deploy"
delta = "0.30.0 -> 0.30.3"
aggregated-from = "https://hg.mozilla.org/mozilla-central/raw-file/tip/supply-chain/audits.toml"

[[audits.mozilla.audits.rayon]]
who = "Josh Stone <jistone@redhat.com>"
criteria = "safe-to-deploy"
version = "1.5.3"
notes = "All code written or reviewed by Josh Stone or Niko Matsakis."
aggregated-from = "https://hg.mozilla.org/mozilla-central/raw-file/tip/supply-chain/audits.toml"

[[audits.mozilla.audits.rayon]]
who = "Mike Hommey <mh+mozilla@glandium.org>"
criteria = "safe-to-deploy"
delta = "1.5.3 -> 1.6.1"
aggregated-from = "https://hg.mozilla.org/mozilla-central/raw-file/tip/supply-chain/audits.toml"

[[audits.mozilla.audits.rayon-core]]
who = "Josh Stone <jistone@redhat.com>"
criteria = "safe-to-deploy"
version = "1.9.3"
notes = "All code written or reviewed by Josh Stone or Niko Matsakis."
aggregated-from = "https://hg.mozilla.org/mozilla-central/raw-file/tip/supply-chain/audits.toml"

[[audits.mozilla.audits.rayon-core]]
who = "Mike Hommey <mh+mozilla@glandium.org>"
criteria = "safe-to-deploy"
delta = "1.9.3 -> 1.10.1"
aggregated-from = "https://hg.mozilla.org/mozilla-central/raw-file/tip/supply-chain/audits.toml"

[[audits.mozilla.audits.rayon-core]]
who = "Mike Hommey <mh+mozilla@glandium.org>"
criteria = "safe-to-deploy"
delta = "1.10.1 -> 1.10.2"
aggregated-from = "https://hg.mozilla.org/mozilla-central/raw-file/tip/supply-chain/audits.toml"

[[audits.mozilla.audits.rustc-hash]]
who = "Bobby Holley <bobbyholley@gmail.com>"
criteria = "safe-to-deploy"
version = "1.1.0"
notes = "Straightforward crate with no unsafe code, does what it says on the tin."
aggregated-from = "https://hg.mozilla.org/mozilla-central/raw-file/tip/supply-chain/audits.toml"

[[audits.mozilla.audits.serde_cbor]]
who = "R. Martinho Fernandes <bugs@rmf.io>"
criteria = "safe-to-deploy"
version = "0.11.1"
aggregated-from = "https://hg.mozilla.org/mozilla-central/raw-file/tip/supply-chain/audits.toml"

[[audits.mozilla.audits.serde_cbor]]
who = "John M. Schanck <jschanck@mozilla.com>"
criteria = "safe-to-deploy"
delta = "0.11.1 -> 0.11.2"
aggregated-from = "https://hg.mozilla.org/mozilla-central/raw-file/tip/supply-chain/audits.toml"

[[audits.mozilla.audits.slab]]
who = "Mike Hommey <mh+mozilla@glandium.org>"
criteria = "safe-to-deploy"
delta = "0.4.6 -> 0.4.7"
aggregated-from = "https://hg.mozilla.org/mozilla-central/raw-file/tip/supply-chain/audits.toml"

[[audits.mozilla.audits.slab]]
who = "Mike Hommey <mh+mozilla@glandium.org>"
criteria = "safe-to-deploy"
delta = "0.4.7 -> 0.4.8"
aggregated-from = "https://hg.mozilla.org/mozilla-central/raw-file/tip/supply-chain/audits.toml"
