{
  "name": "testing",
  "version": "1.0.0",
  "lockfileVersion": 3,
  "requires": true,
  "packages": {
    "": {
      "name": "testing",
      "version": "1.0.0",
      "license": "ISC",
      "dependencies": {
        "semaphore-rs-js": "0.2.0"
      }
    },
    "node_modules/semaphore-rs-js": {
      "version": "0.2.0",
      "resolved": "https://registry.npmjs.org/semaphore-rs-js/-/semaphore-rs-js-0.2.0.tgz",
      "integrity": "sha512-2jxVbwlr6GmroVy+zcohYUmxsP2a1BmUkKkPKjXMkwY32y39hFUXvlVIk7K8p4rZ4MDwog6qqy236E5Rb629Zw=="
    }
  }
}
