{
  "name": "testing",
  "version": "1.0.0",
  "lockfileVersion": 3,
  "requires": true,
  "packages": {
    "": {
      "name": "testing",
      "version": "1.0.0",
      "license": "ISC",
      "dependencies": {
        "semaphore-rs-js": "^0.1.2"
      }
    },
    "node_modules/semaphore-rs-js": {
      "version": "0.1.2",
      "resolved": "https://registry.npmjs.org/semaphore-rs-js/-/semaphore-rs-js-0.1.2.tgz",
      "integrity": "sha512-z09KlTY1UhG0FlZ9OMe1HIWMyiHVcCbrO5OTzBdR8VejNdrI8KEfsZIK4c3qzHsEeFdSMQxZVxZayL+istOKew=="
    }
  }
}
