{
  "name": "testing",
  "version": "1.0.0",
  "lockfileVersion": 3,
  "requires": true,
  "packages": {
    "": {
      "name": "testing",
      "version": "1.0.0",
      "license": "ISC",
      "dependencies": {
        "semaphore-rs-js": "0.1.3"
      }
    },
    "node_modules/semaphore-rs-js": {
      "version": "0.1.3",
      "resolved": "https://registry.npmjs.org/semaphore-rs-js/-/semaphore-rs-js-0.1.3.tgz",
      "integrity": "sha512-+RhQ54rjCCA4ucfdIz1n+T7RwLNQqLUKGZEdynWi+VGR0wU2VNZdk6baa6S7lYwzOm25q558mMxzL5Q2dwJNNQ=="
    }
  }
}
